// !$*UTF8*$!
{
	archiveVersion = 1;
	classes = {
	};
	objectVersion = 46;
	objects = {

/* Begin PBXBuildFile section */
		F2402CC01DCA932E00C8818B /* LaunchScreen.storyboard in Resources */ = {isa = PBXBuildFile; fileRef = F2402CBC1DCA932E00C8818B /* LaunchScreen.storyboard */; };
		F2402CC11DCA932E00C8818B /* Main.storyboard in Resources */ = {isa = PBXBuildFile; fileRef = F2402CBE1DCA932E00C8818B /* Main.storyboard */; };
		F24C6D001DC8FAF800F6833C /* AuthViewController.swift in Sources */ = {isa = PBXBuildFile; fileRef = F24C6CFF1DC8FAF800F6833C /* AuthViewController.swift */; };
		F24C6D021DC91AB600F6833C /* Repository.swift in Sources */ = {isa = PBXBuildFile; fileRef = F24C6D011DC91AB600F6833C /* Repository.swift */; };
		F29F915D1DCA7F1B0008118E /* Credentials.swift in Sources */ = {isa = PBXBuildFile; fileRef = F29F915C1DCA7F1B0008118E /* Credentials.swift */; };
		F29F91601DCA91C20008118E /* GitHubService.swift in Sources */ = {isa = PBXBuildFile; fileRef = F29F915E1DCA91C20008118E /* GitHubService.swift */; };
		F29F91611DCA91C20008118E /* RepositoryCell.swift in Sources */ = {isa = PBXBuildFile; fileRef = F29F915F1DCA91C20008118E /* RepositoryCell.swift */; };
		F29F91641DCA91F60008118E /* HomeViewController.swift in Sources */ = {isa = PBXBuildFile; fileRef = F29F91621DCA91F60008118E /* HomeViewController.swift */; };
		F29F91651DCA91F60008118E /* RepoDetailViewController.swift in Sources */ = {isa = PBXBuildFile; fileRef = F29F91631DCA91F60008118E /* RepoDetailViewController.swift */; };
		F29F91681DCA92170008118E /* Assets.xcassets in Resources */ = {isa = PBXBuildFile; fileRef = F29F91661DCA92170008118E /* Assets.xcassets */; };
		F29F91691DCA92170008118E /* CustomTransition.swift in Sources */ = {isa = PBXBuildFile; fileRef = F29F91671DCA92170008118E /* CustomTransition.swift */; };
		F29F916D1DCA924C0008118E /* AppDelegate.swift in Sources */ = {isa = PBXBuildFile; fileRef = F29F916A1DCA924C0008118E /* AppDelegate.swift */; };
		F29F916E1DCA924C0008118E /* Extensions.swift in Sources */ = {isa = PBXBuildFile; fileRef = F29F916B1DCA924C0008118E /* Extensions.swift */; };
		F29F916F1DCA924C0008118E /* Info.plist in Resources */ = {isa = PBXBuildFile; fileRef = F29F916C1DCA924C0008118E /* Info.plist */; };
/* End PBXBuildFile section */

/* Begin PBXFileReference section */
		F2402CBD1DCA932E00C8818B /* Base */ = {isa = PBXFileReference; lastKnownFileType = file.storyboard; name = Base; path = LaunchScreen.storyboard; sourceTree = "<group>"; };
		F2402CBF1DCA932E00C8818B /* Base */ = {isa = PBXFileReference; lastKnownFileType = file.storyboard; name = Base; path = Main.storyboard; sourceTree = "<group>"; };
		F24C6CFF1DC8FAF800F6833C /* AuthViewController.swift */ = {isa = PBXFileReference; fileEncoding = 4; lastKnownFileType = sourcecode.swift; name = AuthViewController.swift; path = Controllers/AuthViewController.swift; sourceTree = "<group>"; };
		F24C6D011DC91AB600F6833C /* Repository.swift */ = {isa = PBXFileReference; fileEncoding = 4; lastKnownFileType = sourcecode.swift; name = Repository.swift; path = Models/Repository.swift; sourceTree = "<group>"; };
		F29F915C1DCA7F1B0008118E /* Credentials.swift */ = {isa = PBXFileReference; fileEncoding = 4; lastKnownFileType = sourcecode.swift; name = Credentials.swift; path = Support/Credentials.swift; sourceTree = "<group>"; };
		F29F915E1DCA91C20008118E /* GitHubService.swift */ = {isa = PBXFileReference; fileEncoding = 4; lastKnownFileType = sourcecode.swift; name = GitHubService.swift; path = Models/GitHubService.swift; sourceTree = "<group>"; };
		F29F915F1DCA91C20008118E /* RepositoryCell.swift */ = {isa = PBXFileReference; fileEncoding = 4; lastKnownFileType = sourcecode.swift; name = RepositoryCell.swift; path = Models/RepositoryCell.swift; sourceTree = "<group>"; };
		F29F91621DCA91F60008118E /* HomeViewController.swift */ = {isa = PBXFileReference; fileEncoding = 4; lastKnownFileType = sourcecode.swift; name = HomeViewController.swift; path = Controllers/HomeViewController.swift; sourceTree = "<group>"; };
		F29F91631DCA91F60008118E /* RepoDetailViewController.swift */ = {isa = PBXFileReference; fileEncoding = 4; lastKnownFileType = sourcecode.swift; name = RepoDetailViewController.swift; path = Controllers/RepoDetailViewController.swift; sourceTree = "<group>"; };
		F29F91661DCA92170008118E /* Assets.xcassets */ = {isa = PBXFileReference; lastKnownFileType = folder.assetcatalog; name = Assets.xcassets; path = Views/Assets.xcassets; sourceTree = "<group>"; };
		F29F91671DCA92170008118E /* CustomTransition.swift */ = {isa = PBXFileReference; fileEncoding = 4; lastKnownFileType = sourcecode.swift; name = CustomTransition.swift; path = Views/CustomTransition.swift; sourceTree = "<group>"; };
		F29F916A1DCA924C0008118E /* AppDelegate.swift */ = {isa = PBXFileReference; fileEncoding = 4; lastKnownFileType = sourcecode.swift; name = AppDelegate.swift; path = Support/AppDelegate.swift; sourceTree = "<group>"; };
		F29F916B1DCA924C0008118E /* Extensions.swift */ = {isa = PBXFileReference; fileEncoding = 4; lastKnownFileType = sourcecode.swift; name = Extensions.swift; path = Support/Extensions.swift; sourceTree = "<group>"; };
		F29F916C1DCA924C0008118E /* Info.plist */ = {isa = PBXFileReference; fileEncoding = 4; lastKnownFileType = text.plist.xml; name = Info.plist; path = Support/Info.plist; sourceTree = "<group>"; };
		F2A10C7E1DC7A8E10099323F /* Gitcha.app */ = {isa = PBXFileReference; explicitFileType = wrapper.application; includeInIndex = 0; path = Gitcha.app; sourceTree = BUILT_PRODUCTS_DIR; };
/* End PBXFileReference section */

/* Begin PBXFrameworksBuildPhase section */
		F2A10C7B1DC7A8E10099323F /* Frameworks */ = {
			isa = PBXFrameworksBuildPhase;
			buildActionMask = 2147483647;
			files = (
			);
			runOnlyForDeploymentPostprocessing = 0;
		};
/* End PBXFrameworksBuildPhase section */

/* Begin PBXGroup section */
		F2A10C751DC7A8E10099323F = {
			isa = PBXGroup;
			children = (
				F2A10C801DC7A8E10099323F /* Gitcha */,
				F2A10C7F1DC7A8E10099323F /* Products */,
			);
			sourceTree = "<group>";
		};
		F2A10C7F1DC7A8E10099323F /* Products */ = {
			isa = PBXGroup;
			children = (
				F2A10C7E1DC7A8E10099323F /* Gitcha.app */,
			);
			name = Products;
			sourceTree = "<group>";
		};
		F2A10C801DC7A8E10099323F /* Gitcha */ = {
			isa = PBXGroup;
			children = (
				F29F916C1DCA924C0008118E /* Info.plist */,
				F2A10C931DC7A90C0099323F /* Models */,
				F2A10C941DC7A91C0099323F /* Controllers */,
				F2A10C951DC7A9280099323F /* Views */,
				F2A10C961DC7A9560099323F /* Support */,
			);
			path = Gitcha;
			sourceTree = "<group>";
		};
		F2A10C931DC7A90C0099323F /* Models */ = {
			isa = PBXGroup;
			children = (
				F29F915E1DCA91C20008118E /* GitHubService.swift */,
				F24C6D011DC91AB600F6833C /* Repository.swift */,
				F29F915F1DCA91C20008118E /* RepositoryCell.swift */,
			);
			name = Models;
			sourceTree = "<group>";
		};
		F2A10C941DC7A91C0099323F /* Controllers */ = {
			isa = PBXGroup;
			children = (
				F24C6CFF1DC8FAF800F6833C /* AuthViewController.swift */,
				F29F91621DCA91F60008118E /* HomeViewController.swift */,
				F29F91631DCA91F60008118E /* RepoDetailViewController.swift */,
			);
			name = Controllers;
			sourceTree = "<group>";
		};
		F2A10C951DC7A9280099323F /* Views */ = {
			isa = PBXGroup;
			children = (
				F29F91671DCA92170008118E /* CustomTransition.swift */,
				F2402CBC1DCA932E00C8818B /* LaunchScreen.storyboard */,
				F2402CBE1DCA932E00C8818B /* Main.storyboard */,
				F29F91661DCA92170008118E /* Assets.xcassets */,
			);
			name = Views;
			sourceTree = "<group>";
		};
		F2A10C961DC7A9560099323F /* Support */ = {
			isa = PBXGroup;
			children = (
				F29F916A1DCA924C0008118E /* AppDelegate.swift */,
				F29F915C1DCA7F1B0008118E /* Credentials.swift */,
				F29F916B1DCA924C0008118E /* Extensions.swift */,
			);
			name = Support;
			sourceTree = "<group>";
		};
/* End PBXGroup section */

/* Begin PBXNativeTarget section */
		F2A10C7D1DC7A8E10099323F /* Gitcha */ = {
			isa = PBXNativeTarget;
			buildConfigurationList = F2A10C901DC7A8E10099323F /* Build configuration list for PBXNativeTarget "Gitcha" */;
			buildPhases = (
				F2A10C7A1DC7A8E10099323F /* Sources */,
				F2A10C7B1DC7A8E10099323F /* Frameworks */,
				F2A10C7C1DC7A8E10099323F /* Resources */,
			);
			buildRules = (
			);
			dependencies = (
			);
			name = Gitcha;
			productName = Gitcha;
			productReference = F2A10C7E1DC7A8E10099323F /* Gitcha.app */;
			productType = "com.apple.product-type.application";
		};
/* End PBXNativeTarget section */

/* Begin PBXProject section */
		F2A10C761DC7A8E10099323F /* Project object */ = {
			isa = PBXProject;
			attributes = {
				LastSwiftUpdateCheck = 0810;
				LastUpgradeCheck = 0810;
				ORGANIZATIONNAME = "Bastardized Productions";
				TargetAttributes = {
					F2A10C7D1DC7A8E10099323F = {
						CreatedOnToolsVersion = 8.1;
						DevelopmentTeam = KUNVAN4RR6;
						ProvisioningStyle = Automatic;
					};
				};
			};
			buildConfigurationList = F2A10C791DC7A8E10099323F /* Build configuration list for PBXProject "Gitcha" */;
			compatibilityVersion = "Xcode 3.2";
			developmentRegion = English;
			hasScannedForEncodings = 0;
			knownRegions = (
				en,
				Base,
			);
			mainGroup = F2A10C751DC7A8E10099323F;
			productRefGroup = F2A10C7F1DC7A8E10099323F /* Products */;
			projectDirPath = "";
			projectRoot = "";
			targets = (
				F2A10C7D1DC7A8E10099323F /* Gitcha */,
			);
		};
/* End PBXProject section */

/* Begin PBXResourcesBuildPhase section */
		F2A10C7C1DC7A8E10099323F /* Resources */ = {
			isa = PBXResourcesBuildPhase;
			buildActionMask = 2147483647;
			files = (
				F2402CC01DCA932E00C8818B /* LaunchScreen.storyboard in Resources */,
				F29F916F1DCA924C0008118E /* Info.plist in Resources */,
				F29F91681DCA92170008118E /* Assets.xcassets in Resources */,
				F2402CC11DCA932E00C8818B /* Main.storyboard in Resources */,
			);
			runOnlyForDeploymentPostprocessing = 0;
		};
/* End PBXResourcesBuildPhase section */

/* Begin PBXSourcesBuildPhase section */
		F2A10C7A1DC7A8E10099323F /* Sources */ = {
			isa = PBXSourcesBuildPhase;
			buildActionMask = 2147483647;
			files = (
				F29F916D1DCA924C0008118E /* AppDelegate.swift in Sources */,
				F24C6D021DC91AB600F6833C /* Repository.swift in Sources */,
				F29F915D1DCA7F1B0008118E /* Credentials.swift in Sources */,
				F29F91611DCA91C20008118E /* RepositoryCell.swift in Sources */,
				F29F91601DCA91C20008118E /* GitHubService.swift in Sources */,
				F29F916E1DCA924C0008118E /* Extensions.swift in Sources */,
				F29F91691DCA92170008118E /* CustomTransition.swift in Sources */,
				F24C6D001DC8FAF800F6833C /* AuthViewController.swift in Sources */,
				F29F91651DCA91F60008118E /* RepoDetailViewController.swift in Sources */,
				F29F91641DCA91F60008118E /* HomeViewController.swift in Sources */,
			);
			runOnlyForDeploymentPostprocessing = 0;
		};
/* End PBXSourcesBuildPhase section */

/* Begin PBXVariantGroup section */
		F2402CBC1DCA932E00C8818B /* LaunchScreen.storyboard */ = {
			isa = PBXVariantGroup;
			children = (
				F2402CBD1DCA932E00C8818B /* Base */,
			);
			name = LaunchScreen.storyboard;
			path = Views/Base.lproj;
			sourceTree = "<group>";
		};
		F2402CBE1DCA932E00C8818B /* Main.storyboard */ = {
			isa = PBXVariantGroup;
			children = (
				F2402CBF1DCA932E00C8818B /* Base */,
			);
			name = Main.storyboard;
			path = Views/Base.lproj;
			sourceTree = "<group>";
		};
/* End PBXVariantGroup section */

/* Begin XCBuildConfiguration section */
		F2A10C8E1DC7A8E10099323F /* Debug */ = {
			isa = XCBuildConfiguration;
			buildSettings = {
				ALWAYS_SEARCH_USER_PATHS = NO;
				CLANG_ANALYZER_NONNULL = YES;
				CLANG_CXX_LANGUAGE_STANDARD = "gnu++0x";
				CLANG_CXX_LIBRARY = "libc++";
				CLANG_ENABLE_MODULES = YES;
				CLANG_ENABLE_OBJC_ARC = YES;
				CLANG_WARN_BOOL_CONVERSION = YES;
				CLANG_WARN_CONSTANT_CONVERSION = YES;
				CLANG_WARN_DIRECT_OBJC_ISA_USAGE = YES_ERROR;
				CLANG_WARN_DOCUMENTATION_COMMENTS = YES;
				CLANG_WARN_EMPTY_BODY = YES;
				CLANG_WARN_ENUM_CONVERSION = YES;
				CLANG_WARN_INFINITE_RECURSION = YES;
				CLANG_WARN_INT_CONVERSION = YES;
				CLANG_WARN_OBJC_ROOT_CLASS = YES_ERROR;
				CLANG_WARN_SUSPICIOUS_MOVES = YES;
				CLANG_WARN_UNREACHABLE_CODE = YES;
				CLANG_WARN__DUPLICATE_METHOD_MATCH = YES;
				"CODE_SIGN_IDENTITY[sdk=iphoneos*]" = "iPhone Developer";
				COPY_PHASE_STRIP = NO;
				DEBUG_INFORMATION_FORMAT = dwarf;
				ENABLE_STRICT_OBJC_MSGSEND = YES;
				ENABLE_TESTABILITY = YES;
				GCC_C_LANGUAGE_STANDARD = gnu99;
				GCC_DYNAMIC_NO_PIC = NO;
				GCC_NO_COMMON_BLOCKS = YES;
				GCC_OPTIMIZATION_LEVEL = 0;
				GCC_PREPROCESSOR_DEFINITIONS = (
					"DEBUG=1",
					"$(inherited)",
				);
				GCC_WARN_64_TO_32_BIT_CONVERSION = YES;
				GCC_WARN_ABOUT_RETURN_TYPE = YES_ERROR;
				GCC_WARN_UNDECLARED_SELECTOR = YES;
				GCC_WARN_UNINITIALIZED_AUTOS = YES_AGGRESSIVE;
				GCC_WARN_UNUSED_FUNCTION = YES;
				GCC_WARN_UNUSED_VARIABLE = YES;
				IPHONEOS_DEPLOYMENT_TARGET = 10.1;
				MTL_ENABLE_DEBUG_INFO = YES;
				ONLY_ACTIVE_ARCH = YES;
				SDKROOT = iphoneos;
				SWIFT_ACTIVE_COMPILATION_CONDITIONS = DEBUG;
				SWIFT_OPTIMIZATION_LEVEL = "-Onone";
				TARGETED_DEVICE_FAMILY = "1,2";
			};
			name = Debug;
		};
		F2A10C8F1DC7A8E10099323F /* Release */ = {
			isa = XCBuildConfiguration;
			buildSettings = {
				ALWAYS_SEARCH_USER_PATHS = NO;
				CLANG_ANALYZER_NONNULL = YES;
				CLANG_CXX_LANGUAGE_STANDARD = "gnu++0x";
				CLANG_CXX_LIBRARY = "libc++";
				CLANG_ENABLE_MODULES = YES;
				CLANG_ENABLE_OBJC_ARC = YES;
				CLANG_WARN_BOOL_CONVERSION = YES;
				CLANG_WARN_CONSTANT_CONVERSION = YES;
				CLANG_WARN_DIRECT_OBJC_ISA_USAGE = YES_ERROR;
				CLANG_WARN_DOCUMENTATION_COMMENTS = YES;
				CLANG_WARN_EMPTY_BODY = YES;
				CLANG_WARN_ENUM_CONVERSION = YES;
				CLANG_WARN_INFINITE_RECURSION = YES;
				CLANG_WARN_INT_CONVERSION = YES;
				CLANG_WARN_OBJC_ROOT_CLASS = YES_ERROR;
				CLANG_WARN_SUSPICIOUS_MOVES = YES;
				CLANG_WARN_UNREACHABLE_CODE = YES;
				CLANG_WARN__DUPLICATE_METHOD_MATCH = YES;
				"CODE_SIGN_IDENTITY[sdk=iphoneos*]" = "iPhone Developer";
				COPY_PHASE_STRIP = NO;
				DEBUG_INFORMATION_FORMAT = "dwarf-with-dsym";
				ENABLE_NS_ASSERTIONS = NO;
				ENABLE_STRICT_OBJC_MSGSEND = YES;
				GCC_C_LANGUAGE_STANDARD = gnu99;
				GCC_NO_COMMON_BLOCKS = YES;
				GCC_WARN_64_TO_32_BIT_CONVERSION = YES;
				GCC_WARN_ABOUT_RETURN_TYPE = YES_ERROR;
				GCC_WARN_UNDECLARED_SELECTOR = YES;
				GCC_WARN_UNINITIALIZED_AUTOS = YES_AGGRESSIVE;
				GCC_WARN_UNUSED_FUNCTION = YES;
				GCC_WARN_UNUSED_VARIABLE = YES;
				IPHONEOS_DEPLOYMENT_TARGET = 10.1;
				MTL_ENABLE_DEBUG_INFO = NO;
				SDKROOT = iphoneos;
				SWIFT_OPTIMIZATION_LEVEL = "-Owholemodule";
				TARGETED_DEVICE_FAMILY = "1,2";
				VALIDATE_PRODUCT = YES;
			};
			name = Release;
		};
		F2A10C911DC7A8E10099323F /* Debug */ = {
			isa = XCBuildConfiguration;
			buildSettings = {
				ASSETCATALOG_COMPILER_APPICON_NAME = AppIcon;
				DEVELOPMENT_TEAM = KUNVAN4RR6;
				INFOPLIST_FILE = "$(SRCROOT)/Gitcha/Support/Info.plist";
				LD_RUNPATH_SEARCH_PATHS = "$(inherited) @executable_path/Frameworks";
				PRODUCT_BUNDLE_IDENTIFIER = com.bastardized.jhearn.Gitcha;
				PRODUCT_NAME = "$(TARGET_NAME)";
				SWIFT_VERSION = 3.0;
			};
			name = Debug;
		};
		F2A10C921DC7A8E10099323F /* Release */ = {
			isa = XCBuildConfiguration;
			buildSettings = {
				ASSETCATALOG_COMPILER_APPICON_NAME = AppIcon;
				DEVELOPMENT_TEAM = KUNVAN4RR6;
				INFOPLIST_FILE = "$(SRCROOT)/Gitcha/Support/Info.plist";
				LD_RUNPATH_SEARCH_PATHS = "$(inherited) @executable_path/Frameworks";
				PRODUCT_BUNDLE_IDENTIFIER = com.bastardized.jhearn.Gitcha;
				PRODUCT_NAME = "$(TARGET_NAME)";
				SWIFT_VERSION = 3.0;
			};
			name = Release;
		};
/* End XCBuildConfiguration section */

/* Begin XCConfigurationList section */
		F2A10C791DC7A8E10099323F /* Build configuration list for PBXProject "Gitcha" */ = {
			isa = XCConfigurationList;
			buildConfigurations = (
				F2A10C8E1DC7A8E10099323F /* Debug */,
				F2A10C8F1DC7A8E10099323F /* Release */,
			);
			defaultConfigurationIsVisible = 0;
			defaultConfigurationName = Release;
		};
		F2A10C901DC7A8E10099323F /* Build configuration list for PBXNativeTarget "Gitcha" */ = {
			isa = XCConfigurationList;
			buildConfigurations = (
				F2A10C911DC7A8E10099323F /* Debug */,
				F2A10C921DC7A8E10099323F /* Release */,
			);
			defaultConfigurationIsVisible = 0;
			defaultConfigurationName = Release;
		};
/* End XCConfigurationList section */
	};
	rootObject = F2A10C761DC7A8E10099323F /* Project object */;
}
